
Microsoft Visual Studio Solution File, Format Version 12.00
# Visual Studio Version 17
VisualStudioVersion = 17.14.36203.30
MinimumVisualStudioVersion = 10.0.40219.1
Project("{2150E333-8FDC-42A3-9474-1A3956D46DE8}") = "Backend", "Backend", "{02EA681E-C7D8-13C7-8484-4AC65E1B71E8}"
EndProject
Project("{2150E333-8FDC-42A3-9474-1A3956D46DE8}") = "Frontend", "Frontend", "{369CB01D-A1A7-72D2-AABC-3F0945D148A2}"
EndProject
Project("{FAE04EC0-301F-11D3-BF4B-00C04F79EFBC}") = "ERP.Api", "Backend\ERP.Api\ERP.Api.csproj", "{FCB7CE8E-F1F4-D48B-7DFD-5320E859AC6D}"
EndProject
Project("{FAE04EC0-301F-11D3-BF4B-00C04F79EFBC}") = "ERP.Application", "Backend\ERP.Application\ERP.Application.csproj", "{2E74F70E-B493-3FC4-9C35-A9DD429B32C5}"
EndProject
Project("{FAE04EC0-301F-11D3-BF4B-00C04F79EFBC}") = "ERP.Core", "Backend\ERP.Core\ERP.Core.csproj", "{7B5122FD-AC2D-882F-4A6B-89D2A32D3785}"
EndProject
Project("{FAE04EC0-301F-11D3-BF4B-00C04F79EFBC}") = "ERP.Infrastructure", "Backend\ERP.Infrastructure\ERP.Infrastructure.csproj", "{1322C6B8-35C1-D090-B2C9-7C607D4D5E85}"
EndProject
Project("{FAE04EC0-301F-11D3-BF4B-00C04F79EFBC}") = "BLL", "Frontend\BLL\BLL.csproj", "{D2582E36-E5B6-4003-ACCE-7205C5362454}"
EndProject
Project("{FAE04EC0-301F-11D3-BF4B-00C04F79EFBC}") = "GUI", "Frontend\GUI\GUI.csproj", "{4454CED2-D79A-41A7-A653-7A9B2B0C159C}"
EndProject
Project("{FAE04EC0-301F-11D3-BF4B-00C04F79EFBC}") = "DAL", "Frontend\DAL\DAL.csproj", "{292B5977-EF58-4893-81B3-FA3A149E89E1}"
EndProject
Global
	GlobalSection(SolutionConfigurationPlatforms) = preSolution
		Debug|Any CPU = Debug|Any CPU
		Release|Any CPU = Release|Any CPU
	EndGlobalSection
	GlobalSection(ProjectConfigurationPlatforms) = postSolution
		{FCB7CE8E-F1F4-D48B-7DFD-5320E859AC6D}.Debug|Any CPU.ActiveCfg = Debug|Any CPU
		{FCB7CE8E-F1F4-D48B-7DFD-5320E859AC6D}.Debug|Any CPU.Build.0 = Debug|Any CPU
		{FCB7CE8E-F1F4-D48B-7DFD-5320E859AC6D}.Release|Any CPU.ActiveCfg = Release|Any CPU
		{FCB7CE8E-F1F4-D48B-7DFD-5320E859AC6D}.Release|Any CPU.Build.0 = Release|Any CPU
		{2E74F70E-B493-3FC4-9C35-A9DD429B32C5}.Debug|Any CPU.ActiveCfg = Debug|Any CPU
		{2E74F70E-B493-3FC4-9C35-A9DD429B32C5}.Debug|Any CPU.Build.0 = Debug|Any CPU
		{2E74F70E-B493-3FC4-9C35-A9DD429B32C5}.Release|Any CPU.ActiveCfg = Release|Any CPU
		{2E74F70E-B493-3FC4-9C35-A9DD429B32C5}.Release|Any CPU.Build.0 = Release|Any CPU
		{7B5122FD-AC2D-882F-4A6B-89D2A32D3785}.Debug|Any CPU.ActiveCfg = Debug|Any CPU
		{7B5122FD-AC2D-882F-4A6B-89D2A32D3785}.Debug|Any CPU.Build.0 = Debug|Any CPU
		{7B5122FD-AC2D-882F-4A6B-89D2A32D3785}.Release|Any CPU.ActiveCfg = Release|Any CPU
		{7B5122FD-AC2D-882F-4A6B-89D2A32D3785}.Release|Any CPU.Build.0 = Release|Any CPU
		{1322C6B8-35C1-D090-B2C9-7C607D4D5E85}.Debug|Any CPU.ActiveCfg = Debug|Any CPU
		{1322C6B8-35C1-D090-B2C9-7C607D4D5E85}.Debug|Any CPU.Build.0 = Debug|Any CPU
		{1322C6B8-35C1-D090-B2C9-7C607D4D5E85}.Release|Any CPU.ActiveCfg = Release|Any CPU
		{1322C6B8-35C1-D090-B2C9-7C607D4D5E85}.Release|Any CPU.Build.0 = Release|Any CPU
		{D2582E36-E5B6-4003-ACCE-7205C5362454}.Debug|Any CPU.ActiveCfg = Debug|Any CPU
		{D2582E36-E5B6-4003-ACCE-7205C5362454}.Debug|Any CPU.Build.0 = Debug|Any CPU
		{D2582E36-E5B6-4003-ACCE-7205C5362454}.Release|Any CPU.ActiveCfg = Release|Any CPU
		{D2582E36-E5B6-4003-ACCE-7205C5362454}.Release|Any CPU.Build.0 = Release|Any CPU
		{4454CED2-D79A-41A7-A653-7A9B2B0C159C}.Debug|Any CPU.ActiveCfg = Debug|Any CPU
		{4454CED2-D79A-41A7-A653-7A9B2B0C159C}.Debug|Any CPU.Build.0 = Debug|Any CPU
		{4454CED2-D79A-41A7-A653-7A9B2B0C159C}.Release|Any CPU.ActiveCfg = Release|Any CPU
		{4454CED2-D79A-41A7-A653-7A9B2B0C159C}.Release|Any CPU.Build.0 = Release|Any CPU
		{292B5977-EF58-4893-81B3-FA3A149E89E1}.Debug|Any CPU.ActiveCfg = Debug|Any CPU
		{292B5977-EF58-4893-81B3-FA3A149E89E1}.Debug|Any CPU.Build.0 = Debug|Any CPU
		{292B5977-EF58-4893-81B3-FA3A149E89E1}.Release|Any CPU.ActiveCfg = Release|Any CPU
		{292B5977-EF58-4893-81B3-FA3A149E89E1}.Release|Any CPU.Build.0 = Release|Any CPU
	EndGlobalSection
	GlobalSection(SolutionProperties) = preSolution
		HideSolutionNode = FALSE
	EndGlobalSection
	GlobalSection(NestedProjects) = preSolution
		{FCB7CE8E-F1F4-D48B-7DFD-5320E859AC6D} = {02EA681E-C7D8-13C7-8484-4AC65E1B71E8}
		{2E74F70E-B493-3FC4-9C35-A9DD429B32C5} = {02EA681E-C7D8-13C7-8484-4AC65E1B71E8}
		{7B5122FD-AC2D-882F-4A6B-89D2A32D3785} = {02EA681E-C7D8-13C7-8484-4AC65E1B71E8}
		{1322C6B8-35C1-D090-B2C9-7C607D4D5E85} = {02EA681E-C7D8-13C7-8484-4AC65E1B71E8}
		{D2582E36-E5B6-4003-ACCE-7205C5362454} = {369CB01D-A1A7-72D2-AABC-3F0945D148A2}
		{4454CED2-D79A-41A7-A653-7A9B2B0C159C} = {369CB01D-A1A7-72D2-AABC-3F0945D148A2}
		{292B5977-EF58-4893-81B3-FA3A149E89E1} = {369CB01D-A1A7-72D2-AABC-3F0945D148A2}
	EndGlobalSection
	GlobalSection(ExtensibilityGlobals) = postSolution
		SolutionGuid = {3260A8F1-5704-488E-B395-66A26A6DD315}
	EndGlobalSection
EndGlobal
